// !$*UTF8*$!
{
	archiveVersion = 1;
	classes = {
	};
	objectVersion = 56;
	objects = {

/* Begin PBXBuildFile section */
		3835740C2AFB370E00EFA132 /* NewsEventsView.swift in Sources */ = {isa = PBXBuildFile; fileRef = 3835740B2AFB370E00EFA132 /* NewsEventsView.swift */; };
		3835740E2AFBD8B100EFA132 /* Test.swift in Sources */ = {isa = PBXBuildFile; fileRef = 3835740D2AFBD8B100EFA132 /* Test.swift */; };
		383574102AFBEAA500EFA132 /* ScheduleDateAndTimeView.swift in Sources */ = {isa = PBXBuildFile; fileRef = 3835740F2AFBEAA400EFA132 /* ScheduleDateAndTimeView.swift */; };
		383574122AFBEBCF00EFA132 /* ScheduleEventTitleDetailsView.swift in Sources */ = {isa = PBXBuildFile; fileRef = 383574112AFBEBCF00EFA132 /* ScheduleEventTitleDetailsView.swift */; };
		383574142AFC36A100EFA132 /* ContactUsView.swift in Sources */ = {isa = PBXBuildFile; fileRef = 383574132AFC36A100EFA132 /* ContactUsView.swift */; };
		383574162AFC59DC00EFA132 /* ContactUsProfileView.swift in Sources */ = {isa = PBXBuildFile; fileRef = 383574152AFC59DC00EFA132 /* ContactUsProfileView.swift */; };
		383574182AFD1C4600EFA132 /* SocialMediaButton.swift in Sources */ = {isa = PBXBuildFile; fileRef = 383574172AFD1C4600EFA132 /* SocialMediaButton.swift */; };
		3835741D2AFD5A4500EFA132 /* ScheduleView.swift in Sources */ = {isa = PBXBuildFile; fileRef = 3835741C2AFD5A4500EFA132 /* ScheduleView.swift */; };
		3835741F2AFD5AF800EFA132 /* ScheduleEventDetailView.swift in Sources */ = {isa = PBXBuildFile; fileRef = 3835741E2AFD5AF800EFA132 /* ScheduleEventDetailView.swift */; };
		383574212AFD5B9200EFA132 /* ProfileImageView.swift in Sources */ = {isa = PBXBuildFile; fileRef = 383574202AFD5B9200EFA132 /* ProfileImageView.swift */; };
		38411EFA2AF950680094AB50 /* Mindful_Holistic_WellnessApp.swift in Sources */ = {isa = PBXBuildFile; fileRef = 38411EF92AF950680094AB50 /* Mindful_Holistic_WellnessApp.swift */; };
		38411EFE2AF9506A0094AB50 /* Assets.xcassets in Resources */ = {isa = PBXBuildFile; fileRef = 38411EFD2AF9506A0094AB50 /* Assets.xcassets */; };
		38411F012AF9506A0094AB50 /* Preview Assets.xcassets in Resources */ = {isa = PBXBuildFile; fileRef = 38411F002AF9506A0094AB50 /* Preview Assets.xcassets */; };
		38411F092AF963440094AB50 /* Color+Extension.swift in Sources */ = {isa = PBXBuildFile; fileRef = 38411F082AF963440094AB50 /* Color+Extension.swift */; };
		38411F0B2AF963690094AB50 /* Colors.xcassets in Resources */ = {isa = PBXBuildFile; fileRef = 38411F0A2AF963690094AB50 /* Colors.xcassets */; };
		38411F102AF9708A0094AB50 /* WelcomeView.swift in Sources */ = {isa = PBXBuildFile; fileRef = 38411F0F2AF9708A0094AB50 /* WelcomeView.swift */; };
		38411F122AF9AE070094AB50 /* GetStartedButton.swift in Sources */ = {isa = PBXBuildFile; fileRef = 38411F112AF9AE070094AB50 /* GetStartedButton.swift */; };
		38411F142AF9AEC70094AB50 /* WelcomeScreenBackgroundView.swift in Sources */ = {isa = PBXBuildFile; fileRef = 38411F132AF9AEC70094AB50 /* WelcomeScreenBackgroundView.swift */; };
		38411F162AF9AF690094AB50 /* WelcomeMessageTextView.swift in Sources */ = {isa = PBXBuildFile; fileRef = 38411F152AF9AF690094AB50 /* WelcomeMessageTextView.swift */; };
		38411F192AF9B2C50094AB50 /* MainView.swift in Sources */ = {isa = PBXBuildFile; fileRef = 38411F182AF9B2C50094AB50 /* MainView.swift */; };
		38411F1B2AF9C7270094AB50 /* ScheduleListRowView.swift in Sources */ = {isa = PBXBuildFile; fileRef = 38411F1A2AF9C7270094AB50 /* ScheduleListRowView.swift */; };
		38411F1F2AF9D4B60094AB50 /* Event.swift in Sources */ = {isa = PBXBuildFile; fileRef = 38411F1E2AF9D4B60094AB50 /* Event.swift */; };
		38411F212AF9D7540094AB50 /* ScheduleViewModel.swift in Sources */ = {isa = PBXBuildFile; fileRef = 38411F202AF9D7540094AB50 /* ScheduleViewModel.swift */; };
		38411F252AF9FD800094AB50 /* events.json in Resources */ = {isa = PBXBuildFile; fileRef = 38411F242AF9FD800094AB50 /* events.json */; };
		3873EDAA2B058E4300198056 /* CommunityView.swift in Sources */ = {isa = PBXBuildFile; fileRef = 3873EDA92B058E4300198056 /* CommunityView.swift */; };
		3873EDAC2B065B8200198056 /* CardView.swift in Sources */ = {isa = PBXBuildFile; fileRef = 3873EDAB2B065B8200198056 /* CardView.swift */; };
		3873EDAE2B06622700198056 /* communityArticles.json in Resources */ = {isa = PBXBuildFile; fileRef = 3873EDAD2B06622700198056 /* communityArticles.json */; };
		3873EDB02B069EEB00198056 /* CommunityViewModel.swift in Sources */ = {isa = PBXBuildFile; fileRef = 3873EDAF2B069EEB00198056 /* CommunityViewModel.swift */; };
		3873EDB22B069F3500198056 /* CommunityArticle.swift in Sources */ = {isa = PBXBuildFile; fileRef = 3873EDB12B069F3500198056 /* CommunityArticle.swift */; };
		388D31692AFFEB9200859E42 /* Instructor.swift in Sources */ = {isa = PBXBuildFile; fileRef = 388D31682AFFEB9200859E42 /* Instructor.swift */; };
		388D316B2B03A20D00859E42 /* NewsEventsDetailView.swift in Sources */ = {isa = PBXBuildFile; fileRef = 388D316A2B03A20D00859E42 /* NewsEventsDetailView.swift */; };
		388D316D2B03D12C00859E42 /* SheetDismissButton.swift in Sources */ = {isa = PBXBuildFile; fileRef = 388D316C2B03D12C00859E42 /* SheetDismissButton.swift */; };
		38A58F852AFAB9B10060B1E4 /* BloggerAPIManager.swift in Sources */ = {isa = PBXBuildFile; fileRef = 38A58F842AFAB9B10060B1E4 /* BloggerAPIManager.swift */; };
		38A58F872AFAB9FA0060B1E4 /* Blog.swift in Sources */ = {isa = PBXBuildFile; fileRef = 38A58F862AFAB9FA0060B1E4 /* Blog.swift */; };
		38A58F892AFAFF5F0060B1E4 /* BlogViewModel.swift in Sources */ = {isa = PBXBuildFile; fileRef = 38A58F882AFAFF5F0060B1E4 /* BlogViewModel.swift */; };
		38B96F922B0BD69600924697 /* CommunityArticleDetailView.swift in Sources */ = {isa = PBXBuildFile; fileRef = 38B96F912B0BD69600924697 /* CommunityArticleDetailView.swift */; };
		38E292CB2B14C45100CA70E3 /* NewsEventCardView.swift in Sources */ = {isa = PBXBuildFile; fileRef = 38E292CA2B14C45100CA70E3 /* NewsEventCardView.swift */; };
		38E292CD2B162FF400CA70E3 /* ProfileDetailView.swift in Sources */ = {isa = PBXBuildFile; fileRef = 38E292CC2B162FF400CA70E3 /* ProfileDetailView.swift */; };
/* End PBXBuildFile section */

/* Begin PBXFileReference section */
		3835740B2AFB370E00EFA132 /* NewsEventsView.swift */ = {isa = PBXFileReference; lastKnownFileType = sourcecode.swift; path = NewsEventsView.swift; sourceTree = "<group>"; };
		3835740D2AFBD8B100EFA132 /* Test.swift */ = {isa = PBXFileReference; lastKnownFileType = sourcecode.swift; path = Test.swift; sourceTree = "<group>"; };
		3835740F2AFBEAA400EFA132 /* ScheduleDateAndTimeView.swift */ = {isa = PBXFileReference; lastKnownFileType = sourcecode.swift; path = ScheduleDateAndTimeView.swift; sourceTree = "<group>"; };
		383574112AFBEBCF00EFA132 /* ScheduleEventTitleDetailsView.swift */ = {isa = PBXFileReference; lastKnownFileType = sourcecode.swift; path = ScheduleEventTitleDetailsView.swift; sourceTree = "<group>"; };
		383574132AFC36A100EFA132 /* ContactUsView.swift */ = {isa = PBXFileReference; lastKnownFileType = sourcecode.swift; path = ContactUsView.swift; sourceTree = "<group>"; };
		383574152AFC59DC00EFA132 /* ContactUsProfileView.swift */ = {isa = PBXFileReference; lastKnownFileType = sourcecode.swift; path = ContactUsProfileView.swift; sourceTree = "<group>"; };
		383574172AFD1C4600EFA132 /* SocialMediaButton.swift */ = {isa = PBXFileReference; lastKnownFileType = sourcecode.swift; path = SocialMediaButton.swift; sourceTree = "<group>"; };
		3835741C2AFD5A4500EFA132 /* ScheduleView.swift */ = {isa = PBXFileReference; lastKnownFileType = sourcecode.swift; path = ScheduleView.swift; sourceTree = "<group>"; };
		3835741E2AFD5AF800EFA132 /* ScheduleEventDetailView.swift */ = {isa = PBXFileReference; lastKnownFileType = sourcecode.swift; path = ScheduleEventDetailView.swift; sourceTree = "<group>"; };
		383574202AFD5B9200EFA132 /* ProfileImageView.swift */ = {isa = PBXFileReference; lastKnownFileType = sourcecode.swift; path = ProfileImageView.swift; sourceTree = "<group>"; };
		38411EF62AF950680094AB50 /* Mindful Holistic Wellness.app */ = {isa = PBXFileReference; explicitFileType = wrapper.application; includeInIndex = 0; path = "Mindful Holistic Wellness.app"; sourceTree = BUILT_PRODUCTS_DIR; };
		38411EF92AF950680094AB50 /* Mindful_Holistic_WellnessApp.swift */ = {isa = PBXFileReference; lastKnownFileType = sourcecode.swift; path = Mindful_Holistic_WellnessApp.swift; sourceTree = "<group>"; };
		38411EFD2AF9506A0094AB50 /* Assets.xcassets */ = {isa = PBXFileReference; lastKnownFileType = folder.assetcatalog; path = Assets.xcassets; sourceTree = "<group>"; };
		38411F002AF9506A0094AB50 /* Preview Assets.xcassets */ = {isa = PBXFileReference; lastKnownFileType = folder.assetcatalog; path = "Preview Assets.xcassets"; sourceTree = "<group>"; };
		38411F082AF963440094AB50 /* Color+Extension.swift */ = {isa = PBXFileReference; lastKnownFileType = sourcecode.swift; path = "Color+Extension.swift"; sourceTree = "<group>"; };
		38411F0A2AF963690094AB50 /* Colors.xcassets */ = {isa = PBXFileReference; lastKnownFileType = folder.assetcatalog; path = Colors.xcassets; sourceTree = "<group>"; };
		38411F0E2AF968BE0094AB50 /* Mindful-Holistic-Wellness-Info.plist */ = {isa = PBXFileReference; lastKnownFileType = text.plist; path = "Mindful-Holistic-Wellness-Info.plist"; sourceTree = SOURCE_ROOT; };
		38411F0F2AF9708A0094AB50 /* WelcomeView.swift */ = {isa = PBXFileReference; lastKnownFileType = sourcecode.swift; path = WelcomeView.swift; sourceTree = "<group>"; };
		38411F112AF9AE070094AB50 /* GetStartedButton.swift */ = {isa = PBXFileReference; lastKnownFileType = sourcecode.swift; path = GetStartedButton.swift; sourceTree = "<group>"; };
		38411F132AF9AEC70094AB50 /* WelcomeScreenBackgroundView.swift */ = {isa = PBXFileReference; lastKnownFileType = sourcecode.swift; path = WelcomeScreenBackgroundView.swift; sourceTree = "<group>"; };
		38411F152AF9AF690094AB50 /* WelcomeMessageTextView.swift */ = {isa = PBXFileReference; lastKnownFileType = sourcecode.swift; path = WelcomeMessageTextView.swift; sourceTree = "<group>"; };
		38411F182AF9B2C50094AB50 /* MainView.swift */ = {isa = PBXFileReference; lastKnownFileType = sourcecode.swift; path = MainView.swift; sourceTree = "<group>"; };
		38411F1A2AF9C7270094AB50 /* ScheduleListRowView.swift */ = {isa = PBXFileReference; lastKnownFileType = sourcecode.swift; path = ScheduleListRowView.swift; sourceTree = "<group>"; };
		38411F1E2AF9D4B60094AB50 /* Event.swift */ = {isa = PBXFileReference; lastKnownFileType = sourcecode.swift; path = Event.swift; sourceTree = "<group>"; };
		38411F202AF9D7540094AB50 /* ScheduleViewModel.swift */ = {isa = PBXFileReference; lastKnownFileType = sourcecode.swift; path = ScheduleViewModel.swift; sourceTree = "<group>"; };
		38411F242AF9FD800094AB50 /* events.json */ = {isa = PBXFileReference; fileEncoding = 4; lastKnownFileType = text.json; path = events.json; sourceTree = "<group>"; };
		3873EDA92B058E4300198056 /* CommunityView.swift */ = {isa = PBXFileReference; lastKnownFileType = sourcecode.swift; path = CommunityView.swift; sourceTree = "<group>"; };
		3873EDAB2B065B8200198056 /* CardView.swift */ = {isa = PBXFileReference; lastKnownFileType = sourcecode.swift; path = CardView.swift; sourceTree = "<group>"; };
		3873EDAD2B06622700198056 /* communityArticles.json */ = {isa = PBXFileReference; fileEncoding = 4; lastKnownFileType = text.json; path = communityArticles.json; sourceTree = "<group>"; };
		3873EDAF2B069EEB00198056 /* CommunityViewModel.swift */ = {isa = PBXFileReference; lastKnownFileType = sourcecode.swift; path = CommunityViewModel.swift; sourceTree = "<group>"; };
		3873EDB12B069F3500198056 /* CommunityArticle.swift */ = {isa = PBXFileReference; lastKnownFileType = sourcecode.swift; path = CommunityArticle.swift; sourceTree = "<group>"; };
		388D31682AFFEB9200859E42 /* Instructor.swift */ = {isa = PBXFileReference; lastKnownFileType = sourcecode.swift; path = Instructor.swift; sourceTree = "<group>"; };
		388D316A2B03A20D00859E42 /* NewsEventsDetailView.swift */ = {isa = PBXFileReference; lastKnownFileType = sourcecode.swift; path = NewsEventsDetailView.swift; sourceTree = "<group>"; };
		388D316C2B03D12C00859E42 /* SheetDismissButton.swift */ = {isa = PBXFileReference; lastKnownFileType = sourcecode.swift; path = SheetDismissButton.swift; sourceTree = "<group>"; };
		38A58F842AFAB9B10060B1E4 /* BloggerAPIManager.swift */ = {isa = PBXFileReference; lastKnownFileType = sourcecode.swift; path = BloggerAPIManager.swift; sourceTree = "<group>"; };
		38A58F862AFAB9FA0060B1E4 /* Blog.swift */ = {isa = PBXFileReference; lastKnownFileType = sourcecode.swift; path = Blog.swift; sourceTree = "<group>"; };
		38A58F882AFAFF5F0060B1E4 /* BlogViewModel.swift */ = {isa = PBXFileReference; lastKnownFileType = sourcecode.swift; path = BlogViewModel.swift; sourceTree = "<group>"; };
		38B96F912B0BD69600924697 /* CommunityArticleDetailView.swift */ = {isa = PBXFileReference; lastKnownFileType = sourcecode.swift; path = CommunityArticleDetailView.swift; sourceTree = "<group>"; };
		38E292CA2B14C45100CA70E3 /* NewsEventCardView.swift */ = {isa = PBXFileReference; lastKnownFileType = sourcecode.swift; path = NewsEventCardView.swift; sourceTree = "<group>"; };
		38E292CC2B162FF400CA70E3 /* ProfileDetailView.swift */ = {isa = PBXFileReference; lastKnownFileType = sourcecode.swift; path = ProfileDetailView.swift; sourceTree = "<group>"; };
/* End PBXFileReference section */

/* Begin PBXFrameworksBuildPhase section */
		38411EF32AF950680094AB50 /* Frameworks */ = {
			isa = PBXFrameworksBuildPhase;
			buildActionMask = 2147483647;
			files = (
			);
			runOnlyForDeploymentPostprocessing = 0;
		};
/* End PBXFrameworksBuildPhase section */

/* Begin PBXGroup section */
		383574192AFD531900EFA132 /* AboutUs */ = {
			isa = PBXGroup;
			children = (
				383574132AFC36A100EFA132 /* ContactUsView.swift */,
				383574172AFD1C4600EFA132 /* SocialMediaButton.swift */,
				383574152AFC59DC00EFA132 /* ContactUsProfileView.swift */,
				383574202AFD5B9200EFA132 /* ProfileImageView.swift */,
				38E292CC2B162FF400CA70E3 /* ProfileDetailView.swift */,
			);
			path = AboutUs;
			sourceTree = "<group>";
		};
		3835741A2AFD537300EFA132 /* NewsEvents */ = {
			isa = PBXGroup;
			children = (
				38A58F842AFAB9B10060B1E4 /* BloggerAPIManager.swift */,
				38A58F862AFAB9FA0060B1E4 /* Blog.swift */,
				38A58F882AFAFF5F0060B1E4 /* BlogViewModel.swift */,
				3835740B2AFB370E00EFA132 /* NewsEventsView.swift */,
				388D316A2B03A20D00859E42 /* NewsEventsDetailView.swift */,
				38E292CA2B14C45100CA70E3 /* NewsEventCardView.swift */,
			);
			path = NewsEvents;
			sourceTree = "<group>";
		};
		3835741B2AFD53A000EFA132 /* Schedule */ = {
			isa = PBXGroup;
			children = (
				3835741C2AFD5A4500EFA132 /* ScheduleView.swift */,
				38411F1A2AF9C7270094AB50 /* ScheduleListRowView.swift */,
				3835740F2AFBEAA400EFA132 /* ScheduleDateAndTimeView.swift */,
				383574112AFBEBCF00EFA132 /* ScheduleEventTitleDetailsView.swift */,
				3835741E2AFD5AF800EFA132 /* ScheduleEventDetailView.swift */,
			);
			path = Schedule;
			sourceTree = "<group>";
		};
		38411EED2AF950680094AB50 = {
			isa = PBXGroup;
			children = (
				3835740D2AFBD8B100EFA132 /* Test.swift */,
				38411EF82AF950680094AB50 /* Mindful Holistic Wellness */,
				38411EF72AF950680094AB50 /* Products */,
			);
			sourceTree = "<group>";
		};
		38411EF72AF950680094AB50 /* Products */ = {
			isa = PBXGroup;
			children = (
				38411EF62AF950680094AB50 /* Mindful Holistic Wellness.app */,
			);
			name = Products;
			sourceTree = "<group>";
		};
		38411EF82AF950680094AB50 /* Mindful Holistic Wellness */ = {
			isa = PBXGroup;
			children = (
				3873EDA82B058E2E00198056 /* CommunityViews */,
				38411F0E2AF968BE0094AB50 /* Mindful-Holistic-Wellness-Info.plist */,
				38411EF92AF950680094AB50 /* Mindful_Holistic_WellnessApp.swift */,
				38411F182AF9B2C50094AB50 /* MainView.swift */,
				38411F072AF963000094AB50 /* Shared */,
				3835741B2AFD53A000EFA132 /* Schedule */,
				3835741A2AFD537300EFA132 /* NewsEvents */,
				383574192AFD531900EFA132 /* AboutUs */,
				38411EFF2AF9506A0094AB50 /* Preview Content */,
				38411F172AF9B0EA0094AB50 /* WelcomeViews */,
				38411EFD2AF9506A0094AB50 /* Assets.xcassets */,
			);
			path = "Mindful Holistic Wellness";
			sourceTree = "<group>";
		};
		38411EFF2AF9506A0094AB50 /* Preview Content */ = {
			isa = PBXGroup;
			children = (
				38411F002AF9506A0094AB50 /* Preview Assets.xcassets */,
			);
			path = "Preview Content";
			sourceTree = "<group>";
		};
		38411F072AF963000094AB50 /* Shared */ = {
			isa = PBXGroup;
			children = (
				38411F202AF9D7540094AB50 /* ScheduleViewModel.swift */,
				38411F1E2AF9D4B60094AB50 /* Event.swift */,
				38411F242AF9FD800094AB50 /* events.json */,
				38411F082AF963440094AB50 /* Color+Extension.swift */,
				38411F0A2AF963690094AB50 /* Colors.xcassets */,
				388D31682AFFEB9200859E42 /* Instructor.swift */,
				388D316C2B03D12C00859E42 /* SheetDismissButton.swift */,
			);
			path = Shared;
			sourceTree = "<group>";
		};
		38411F172AF9B0EA0094AB50 /* WelcomeViews */ = {
			isa = PBXGroup;
			children = (
				38411F0F2AF9708A0094AB50 /* WelcomeView.swift */,
				38411F152AF9AF690094AB50 /* WelcomeMessageTextView.swift */,
				38411F132AF9AEC70094AB50 /* WelcomeScreenBackgroundView.swift */,
				38411F112AF9AE070094AB50 /* GetStartedButton.swift */,
			);
			path = WelcomeViews;
			sourceTree = "<group>";
		};
		3873EDA82B058E2E00198056 /* CommunityViews */ = {
			isa = PBXGroup;
			children = (
				3873EDA92B058E4300198056 /* CommunityView.swift */,
				3873EDAB2B065B8200198056 /* CardView.swift */,
				3873EDAD2B06622700198056 /* communityArticles.json */,
				3873EDAF2B069EEB00198056 /* CommunityViewModel.swift */,
				3873EDB12B069F3500198056 /* CommunityArticle.swift */,
				38B96F912B0BD69600924697 /* CommunityArticleDetailView.swift */,
			);
			path = CommunityViews;
			sourceTree = "<group>";
		};
/* End PBXGroup section */

/* Begin PBXNativeTarget section */
		38411EF52AF950680094AB50 /* Mindful Holistic Wellness */ = {
			isa = PBXNativeTarget;
			buildConfigurationList = 38411F042AF9506A0094AB50 /* Build configuration list for PBXNativeTarget "Mindful Holistic Wellness" */;
			buildPhases = (
				38411EF22AF950680094AB50 /* Sources */,
				38411EF32AF950680094AB50 /* Frameworks */,
				38411EF42AF950680094AB50 /* Resources */,
			);
			buildRules = (
			);
			dependencies = (
			);
			name = "Mindful Holistic Wellness";
			productName = "Mindful Holistic Wellness";
			productReference = 38411EF62AF950680094AB50 /* Mindful Holistic Wellness.app */;
			productType = "com.apple.product-type.application";
		};
/* End PBXNativeTarget section */

/* Begin PBXProject section */
		38411EEE2AF950680094AB50 /* Project object */ = {
			isa = PBXProject;
			attributes = {
				BuildIndependentTargetsInParallel = 1;
				LastSwiftUpdateCheck = 1500;
				LastUpgradeCheck = 1500;
				TargetAttributes = {
					38411EF52AF950680094AB50 = {
						CreatedOnToolsVersion = 15.0.1;
					};
				};
			};
			buildConfigurationList = 38411EF12AF950680094AB50 /* Build configuration list for PBXProject "Mindful Holistic Wellness" */;
			compatibilityVersion = "Xcode 14.0";
			developmentRegion = en;
			hasScannedForEncodings = 0;
			knownRegions = (
				en,
				Base,
			);
			mainGroup = 38411EED2AF950680094AB50;
			productRefGroup = 38411EF72AF950680094AB50 /* Products */;
			projectDirPath = "";
			projectRoot = "";
			targets = (
				38411EF52AF950680094AB50 /* Mindful Holistic Wellness */,
			);
		};
/* End PBXProject section */

/* Begin PBXResourcesBuildPhase section */
		38411EF42AF950680094AB50 /* Resources */ = {
			isa = PBXResourcesBuildPhase;
			buildActionMask = 2147483647;
			files = (
				38411F252AF9FD800094AB50 /* events.json in Resources */,
				38411F0B2AF963690094AB50 /* Colors.xcassets in Resources */,
				3873EDAE2B06622700198056 /* communityArticles.json in Resources */,
				38411F012AF9506A0094AB50 /* Preview Assets.xcassets in Resources */,
				38411EFE2AF9506A0094AB50 /* Assets.xcassets in Resources */,
			);
			runOnlyForDeploymentPostprocessing = 0;
		};
/* End PBXResourcesBuildPhase section */

/* Begin PBXSourcesBuildPhase section */
		38411EF22AF950680094AB50 /* Sources */ = {
			isa = PBXSourcesBuildPhase;
			buildActionMask = 2147483647;
			files = (
				383574142AFC36A100EFA132 /* ContactUsView.swift in Sources */,
				38A58F872AFAB9FA0060B1E4 /* Blog.swift in Sources */,
				383574182AFD1C4600EFA132 /* SocialMediaButton.swift in Sources */,
				38A58F892AFAFF5F0060B1E4 /* BlogViewModel.swift in Sources */,
				38411F192AF9B2C50094AB50 /* MainView.swift in Sources */,
				38B96F922B0BD69600924697 /* CommunityArticleDetailView.swift in Sources */,
				38E292CB2B14C45100CA70E3 /* NewsEventCardView.swift in Sources */,
				3873EDAA2B058E4300198056 /* CommunityView.swift in Sources */,
				3835740E2AFBD8B100EFA132 /* Test.swift in Sources */,
				38411F092AF963440094AB50 /* Color+Extension.swift in Sources */,
				38411F122AF9AE070094AB50 /* GetStartedButton.swift in Sources */,
				3873EDB02B069EEB00198056 /* CommunityViewModel.swift in Sources */,
				3835741D2AFD5A4500EFA132 /* ScheduleView.swift in Sources */,
				38411F1F2AF9D4B60094AB50 /* Event.swift in Sources */,
				38E292CD2B162FF400CA70E3 /* ProfileDetailView.swift in Sources */,
				38411F142AF9AEC70094AB50 /* WelcomeScreenBackgroundView.swift in Sources */,
				3835741F2AFD5AF800EFA132 /* ScheduleEventDetailView.swift in Sources */,
				38A58F852AFAB9B10060B1E4 /* BloggerAPIManager.swift in Sources */,
				3873EDAC2B065B8200198056 /* CardView.swift in Sources */,
				38411F212AF9D7540094AB50 /* ScheduleViewModel.swift in Sources */,
				388D316D2B03D12C00859E42 /* SheetDismissButton.swift in Sources */,
				38411EFA2AF950680094AB50 /* Mindful_Holistic_WellnessApp.swift in Sources */,
				3835740C2AFB370E00EFA132 /* NewsEventsView.swift in Sources */,
				388D31692AFFEB9200859E42 /* Instructor.swift in Sources */,
				383574212AFD5B9200EFA132 /* ProfileImageView.swift in Sources */,
				38411F102AF9708A0094AB50 /* WelcomeView.swift in Sources */,
				38411F162AF9AF690094AB50 /* WelcomeMessageTextView.swift in Sources */,
				383574162AFC59DC00EFA132 /* ContactUsProfileView.swift in Sources */,
				383574102AFBEAA500EFA132 /* ScheduleDateAndTimeView.swift in Sources */,
				3873EDB22B069F3500198056 /* CommunityArticle.swift in Sources */,
				38411F1B2AF9C7270094AB50 /* ScheduleListRowView.swift in Sources */,
				388D316B2B03A20D00859E42 /* NewsEventsDetailView.swift in Sources */,
				383574122AFBEBCF00EFA132 /* ScheduleEventTitleDetailsView.swift in Sources */,
			);
			runOnlyForDeploymentPostprocessing = 0;
		};
/* End PBXSourcesBuildPhase section */

/* Begin XCBuildConfiguration section */
		38411F022AF9506A0094AB50 /* Debug */ = {
			isa = XCBuildConfiguration;
			buildSettings = {
				ALWAYS_SEARCH_USER_PATHS = NO;
				ASSETCATALOG_COMPILER_GENERATE_SWIFT_ASSET_SYMBOL_EXTENSIONS = YES;
				CLANG_ANALYZER_NONNULL = YES;
				CLANG_ANALYZER_NUMBER_OBJECT_CONVERSION = YES_AGGRESSIVE;
				CLANG_CXX_LANGUAGE_STANDARD = "gnu++20";
				CLANG_ENABLE_MODULES = YES;
				CLANG_ENABLE_OBJC_ARC = YES;
				CLANG_ENABLE_OBJC_WEAK = YES;
				CLANG_WARN_BLOCK_CAPTURE_AUTORELEASING = YES;
				CLANG_WARN_BOOL_CONVERSION = YES;
				CLANG_WARN_COMMA = YES;
				CLANG_WARN_CONSTANT_CONVERSION = YES;
				CLANG_WARN_DEPRECATED_OBJC_IMPLEMENTATIONS = YES;
				CLANG_WARN_DIRECT_OBJC_ISA_USAGE = YES_ERROR;
				CLANG_WARN_DOCUMENTATION_COMMENTS = YES;
				CLANG_WARN_EMPTY_BODY = YES;
				CLANG_WARN_ENUM_CONVERSION = YES;
				CLANG_WARN_INFINITE_RECURSION = YES;
				CLANG_WARN_INT_CONVERSION = YES;
				CLANG_WARN_NON_LITERAL_NULL_CONVERSION = YES;
				CLANG_WARN_OBJC_IMPLICIT_RETAIN_SELF = YES;
				CLANG_WARN_OBJC_LITERAL_CONVERSION = YES;
				CLANG_WARN_OBJC_ROOT_CLASS = YES_ERROR;
				CLANG_WARN_QUOTED_INCLUDE_IN_FRAMEWORK_HEADER = YES;
				CLANG_WARN_RANGE_LOOP_ANALYSIS = YES;
				CLANG_WARN_STRICT_PROTOTYPES = YES;
				CLANG_WARN_SUSPICIOUS_MOVE = YES;
				CLANG_WARN_UNGUARDED_AVAILABILITY = YES_AGGRESSIVE;
				CLANG_WARN_UNREACHABLE_CODE = YES;
				CLANG_WARN__DUPLICATE_METHOD_MATCH = YES;
				COPY_PHASE_STRIP = NO;
				DEBUG_INFORMATION_FORMAT = dwarf;
				ENABLE_STRICT_OBJC_MSGSEND = YES;
				ENABLE_TESTABILITY = YES;
				ENABLE_USER_SCRIPT_SANDBOXING = YES;
				GCC_C_LANGUAGE_STANDARD = gnu17;
				GCC_DYNAMIC_NO_PIC = NO;
				GCC_NO_COMMON_BLOCKS = YES;
				GCC_OPTIMIZATION_LEVEL = 0;
				GCC_PREPROCESSOR_DEFINITIONS = (
					"DEBUG=1",
					"$(inherited)",
				);
				GCC_WARN_64_TO_32_BIT_CONVERSION = YES;
				GCC_WARN_ABOUT_RETURN_TYPE = YES_ERROR;
				GCC_WARN_UNDECLARED_SELECTOR = YES;
				GCC_WARN_UNINITIALIZED_AUTOS = YES_AGGRESSIVE;
				GCC_WARN_UNUSED_FUNCTION = YES;
				GCC_WARN_UNUSED_VARIABLE = YES;
				IPHONEOS_DEPLOYMENT_TARGET = 17.0;
				LOCALIZATION_PREFERS_STRING_CATALOGS = YES;
				MTL_ENABLE_DEBUG_INFO = INCLUDE_SOURCE;
				MTL_FAST_MATH = YES;
				ONLY_ACTIVE_ARCH = YES;
				SDKROOT = iphoneos;
				SWIFT_ACTIVE_COMPILATION_CONDITIONS = "DEBUG $(inherited)";
				SWIFT_OPTIMIZATION_LEVEL = "-Onone";
			};
			name = Debug;
		};
		38411F032AF9506A0094AB50 /* Release */ = {
			isa = XCBuildConfiguration;
			buildSettings = {
				ALWAYS_SEARCH_USER_PATHS = NO;
				ASSETCATALOG_COMPILER_GENERATE_SWIFT_ASSET_SYMBOL_EXTENSIONS = YES;
				CLANG_ANALYZER_NONNULL = YES;
				CLANG_ANALYZER_NUMBER_OBJECT_CONVERSION = YES_AGGRESSIVE;
				CLANG_CXX_LANGUAGE_STANDARD = "gnu++20";
				CLANG_ENABLE_MODULES = YES;
				CLANG_ENABLE_OBJC_ARC = YES;
				CLANG_ENABLE_OBJC_WEAK = YES;
				CLANG_WARN_BLOCK_CAPTURE_AUTORELEASING = YES;
				CLANG_WARN_BOOL_CONVERSION = YES;
				CLANG_WARN_COMMA = YES;
				CLANG_WARN_CONSTANT_CONVERSION = YES;
				CLANG_WARN_DEPRECATED_OBJC_IMPLEMENTATIONS = YES;
				CLANG_WARN_DIRECT_OBJC_ISA_USAGE = YES_ERROR;
				CLANG_WARN_DOCUMENTATION_COMMENTS = YES;
				CLANG_WARN_EMPTY_BODY = YES;
				CLANG_WARN_ENUM_CONVERSION = YES;
				CLANG_WARN_INFINITE_RECURSION = YES;
				CLANG_WARN_INT_CONVERSION = YES;
				CLANG_WARN_NON_LITERAL_NULL_CONVERSION = YES;
				CLANG_WARN_OBJC_IMPLICIT_RETAIN_SELF = YES;
				CLANG_WARN_OBJC_LITERAL_CONVERSION = YES;
				CLANG_WARN_OBJC_ROOT_CLASS = YES_ERROR;
				CLANG_WARN_QUOTED_INCLUDE_IN_FRAMEWORK_HEADER = YES;
				CLANG_WARN_RANGE_LOOP_ANALYSIS = YES;
				CLANG_WARN_STRICT_PROTOTYPES = YES;
				CLANG_WARN_SUSPICIOUS_MOVE = YES;
				CLANG_WARN_UNGUARDED_AVAILABILITY = YES_AGGRESSIVE;
				CLANG_WARN_UNREACHABLE_CODE = YES;
				CLANG_WARN__DUPLICATE_METHOD_MATCH = YES;
				COPY_PHASE_STRIP = NO;
				DEBUG_INFORMATION_FORMAT = "dwarf-with-dsym";
				ENABLE_NS_ASSERTIONS = NO;
				ENABLE_STRICT_OBJC_MSGSEND = YES;
				ENABLE_USER_SCRIPT_SANDBOXING = YES;
				GCC_C_LANGUAGE_STANDARD = gnu17;
				GCC_NO_COMMON_BLOCKS = YES;
				GCC_WARN_64_TO_32_BIT_CONVERSION = YES;
				GCC_WARN_ABOUT_RETURN_TYPE = YES_ERROR;
				GCC_WARN_UNDECLARED_SELECTOR = YES;
				GCC_WARN_UNINITIALIZED_AUTOS = YES_AGGRESSIVE;
				GCC_WARN_UNUSED_FUNCTION = YES;
				GCC_WARN_UNUSED_VARIABLE = YES;
				IPHONEOS_DEPLOYMENT_TARGET = 17.0;
				LOCALIZATION_PREFERS_STRING_CATALOGS = YES;
				MTL_ENABLE_DEBUG_INFO = NO;
				MTL_FAST_MATH = YES;
				SDKROOT = iphoneos;
				SWIFT_COMPILATION_MODE = wholemodule;
				VALIDATE_PRODUCT = YES;
			};
			name = Release;
		};
		38411F052AF9506A0094AB50 /* Debug */ = {
			isa = XCBuildConfiguration;
			buildSettings = {
				ASSETCATALOG_COMPILER_APPICON_NAME = AppIcon;
				ASSETCATALOG_COMPILER_GLOBAL_ACCENT_COLOR_NAME = AccentColor;
				CODE_SIGN_IDENTITY = "Apple Development";
				CODE_SIGN_STYLE = Automatic;
				CURRENT_PROJECT_VERSION = 1;
				DEVELOPMENT_ASSET_PATHS = "\"Mindful Holistic Wellness/Preview Content\"";
				DEVELOPMENT_TEAM = S5292WSW2A;
				ENABLE_PREVIEWS = YES;
				GENERATE_INFOPLIST_FILE = YES;
				INFOPLIST_FILE = "Mindful-Holistic-Wellness-Info.plist";
				INFOPLIST_KEY_UIApplicationSceneManifest_Generation = YES;
				INFOPLIST_KEY_UIApplicationSupportsIndirectInputEvents = YES;
				INFOPLIST_KEY_UISupportedInterfaceOrientations_iPad = "UIInterfaceOrientationPortrait UIInterfaceOrientationPortraitUpsideDown UIInterfaceOrientationLandscapeLeft UIInterfaceOrientationLandscapeRight";
				INFOPLIST_KEY_UISupportedInterfaceOrientations_iPhone = "UIInterfaceOrientationPortrait UIInterfaceOrientationLandscapeLeft UIInterfaceOrientationLandscapeRight";
				LD_RUNPATH_SEARCH_PATHS = (
					"$(inherited)",
					"@executable_path/Frameworks",
				);
				MARKETING_VERSION = 1.0;
				PRODUCT_BUNDLE_IDENTIFIER = "SerenisLLC.Mindful-Holistic-Wellness";
				PRODUCT_NAME = "$(TARGET_NAME)";
				PROVISIONING_PROFILE_SPECIFIER = "";
				SWIFT_EMIT_LOC_STRINGS = YES;
				SWIFT_VERSION = 5.0;
				TARGETED_DEVICE_FAMILY = "1,2";
			};
			name = Debug;
		};
		38411F062AF9506A0094AB50 /* Release */ = {
			isa = XCBuildConfiguration;
			buildSettings = {
				ASSETCATALOG_COMPILER_APPICON_NAME = AppIcon;
				ASSETCATALOG_COMPILER_GLOBAL_ACCENT_COLOR_NAME = AccentColor;
				CODE_SIGN_IDENTITY = "Apple Development";
				CODE_SIGN_STYLE = Automatic;
				CURRENT_PROJECT_VERSION = 1;
				DEVELOPMENT_ASSET_PATHS = "\"Mindful Holistic Wellness/Preview Content\"";
				DEVELOPMENT_TEAM = S5292WSW2A;
				ENABLE_PREVIEWS = YES;
				GENERATE_INFOPLIST_FILE = YES;
				INFOPLIST_FILE = "Mindful-Holistic-Wellness-Info.plist";
				INFOPLIST_KEY_UIApplicationSceneManifest_Generation = YES;
				INFOPLIST_KEY_UIApplicationSupportsIndirectInputEvents = YES;
				INFOPLIST_KEY_UISupportedInterfaceOrientations_iPad = "UIInterfaceOrientationPortrait UIInterfaceOrientationPortraitUpsideDown UIInterfaceOrientationLandscapeLeft UIInterfaceOrientationLandscapeRight";
				INFOPLIST_KEY_UISupportedInterfaceOrientations_iPhone = "UIInterfaceOrientationPortrait UIInterfaceOrientationLandscapeLeft UIInterfaceOrientationLandscapeRight";
				LD_RUNPATH_SEARCH_PATHS = (
					"$(inherited)",
					"@executable_path/Frameworks",
				);
				MARKETING_VERSION = 1.0;
				PRODUCT_BUNDLE_IDENTIFIER = "SerenisLLC.Mindful-Holistic-Wellness";
				PRODUCT_NAME = "$(TARGET_NAME)";
				PROVISIONING_PROFILE_SPECIFIER = "";
				SWIFT_EMIT_LOC_STRINGS = YES;
				SWIFT_VERSION = 5.0;
				TARGETED_DEVICE_FAMILY = "1,2";
			};
			name = Release;
		};
/* End XCBuildConfiguration section */

/* Begin XCConfigurationList section */
		38411EF12AF950680094AB50 /* Build configuration list for PBXProject "Mindful Holistic Wellness" */ = {
			isa = XCConfigurationList;
			buildConfigurations = (
				38411F022AF9506A0094AB50 /* Debug */,
				38411F032AF9506A0094AB50 /* Release */,
			);
			defaultConfigurationIsVisible = 0;
			defaultConfigurationName = Release;
		};
		38411F042AF9506A0094AB50 /* Build configuration list for PBXNativeTarget "Mindful Holistic Wellness" */ = {
			isa = XCConfigurationList;
			buildConfigurations = (
				38411F052AF9506A0094AB50 /* Debug */,
				38411F062AF9506A0094AB50 /* Release */,
			);
			defaultConfigurationIsVisible = 0;
			defaultConfigurationName = Release;
		};
/* End XCConfigurationList section */
	};
	rootObject = 38411EEE2AF950680094AB50 /* Project object */;
}
